
Microsoft Visual Studio Solution File, Format Version 12.00
# Visual Studio 15
VisualStudioVersion = 15.0.26124.0
MinimumVisualStudioVersion = 15.0.26124.0
Project("{FAE04EC0-301F-11D3-BF4B-00C04F79EFBC}") = "ConcessionariaAPI", "Concessionaria.API\ConcessionariaAPI.csproj", "{760EC343-1F48-4567-83D8-B0688F3D9F1D}"
EndProject
Project("{FAE04EC0-301F-11D3-BF4B-00C04F79EFBC}") = "ConcessionariaDominio", "ConcessionariaDominio\ConcessionariaDominio.csproj", "{3AE51BFF-CDE6-4996-AA38-551C53809DED}"
EndProject
Project("{FAE04EC0-301F-11D3-BF4B-00C04F79EFBC}") = "ConcessionariaInfra", "ConcessionariaInfra\ConcessionariaInfra.csproj", "{9C362488-05DF-4C09-9F07-A23920900078}"
EndProject
Project("{FAE04EC0-301F-11D3-BF4B-00C04F79EFBC}") = "ConcessionariaServicos", "ConcessionariaServicos\ConcessionariaServicos.csproj", "{0E6B1496-31E2-46EE-B7C3-638DDC7E1A2E}"
EndProject
Project("{FAE04EC0-301F-11D3-BF4B-00C04F79EFBC}") = "ConcessionariaTestes", "ConcessionariaTestes\ConcessionariaTestes.csproj", "{DF10B37E-2433-494A-AD0C-0AD44A912B85}"
EndProject
Global
	GlobalSection(SolutionConfigurationPlatforms) = preSolution
		Debug|Any CPU = Debug|Any CPU
		Debug|x64 = Debug|x64
		Debug|x86 = Debug|x86
		Release|Any CPU = Release|Any CPU
		Release|x64 = Release|x64
		Release|x86 = Release|x86
	EndGlobalSection
	GlobalSection(SolutionProperties) = preSolution
		HideSolutionNode = FALSE
	EndGlobalSection
	GlobalSection(ProjectConfigurationPlatforms) = postSolution
		{760EC343-1F48-4567-83D8-B0688F3D9F1D}.Debug|Any CPU.ActiveCfg = Debug|Any CPU
		{760EC343-1F48-4567-83D8-B0688F3D9F1D}.Debug|Any CPU.Build.0 = Debug|Any CPU
		{760EC343-1F48-4567-83D8-B0688F3D9F1D}.Debug|x64.ActiveCfg = Debug|Any CPU
		{760EC343-1F48-4567-83D8-B0688F3D9F1D}.Debug|x64.Build.0 = Debug|Any CPU
		{760EC343-1F48-4567-83D8-B0688F3D9F1D}.Debug|x86.ActiveCfg = Debug|Any CPU
		{760EC343-1F48-4567-83D8-B0688F3D9F1D}.Debug|x86.Build.0 = Debug|Any CPU
		{760EC343-1F48-4567-83D8-B0688F3D9F1D}.Release|Any CPU.ActiveCfg = Release|Any CPU
		{760EC343-1F48-4567-83D8-B0688F3D9F1D}.Release|Any CPU.Build.0 = Release|Any CPU
		{760EC343-1F48-4567-83D8-B0688F3D9F1D}.Release|x64.ActiveCfg = Release|Any CPU
		{760EC343-1F48-4567-83D8-B0688F3D9F1D}.Release|x64.Build.0 = Release|Any CPU
		{760EC343-1F48-4567-83D8-B0688F3D9F1D}.Release|x86.ActiveCfg = Release|Any CPU
		{760EC343-1F48-4567-83D8-B0688F3D9F1D}.Release|x86.Build.0 = Release|Any CPU
		{3AE51BFF-CDE6-4996-AA38-551C53809DED}.Debug|Any CPU.ActiveCfg = Debug|Any CPU
		{3AE51BFF-CDE6-4996-AA38-551C53809DED}.Debug|Any CPU.Build.0 = Debug|Any CPU
		{3AE51BFF-CDE6-4996-AA38-551C53809DED}.Debug|x64.ActiveCfg = Debug|Any CPU
		{3AE51BFF-CDE6-4996-AA38-551C53809DED}.Debug|x64.Build.0 = Debug|Any CPU
		{3AE51BFF-CDE6-4996-AA38-551C53809DED}.Debug|x86.ActiveCfg = Debug|Any CPU
		{3AE51BFF-CDE6-4996-AA38-551C53809DED}.Debug|x86.Build.0 = Debug|Any CPU
		{3AE51BFF-CDE6-4996-AA38-551C53809DED}.Release|Any CPU.ActiveCfg = Release|Any CPU
		{3AE51BFF-CDE6-4996-AA38-551C53809DED}.Release|Any CPU.Build.0 = Release|Any CPU
		{3AE51BFF-CDE6-4996-AA38-551C53809DED}.Release|x64.ActiveCfg = Release|Any CPU
		{3AE51BFF-CDE6-4996-AA38-551C53809DED}.Release|x64.Build.0 = Release|Any CPU
		{3AE51BFF-CDE6-4996-AA38-551C53809DED}.Release|x86.ActiveCfg = Release|Any CPU
		{3AE51BFF-CDE6-4996-AA38-551C53809DED}.Release|x86.Build.0 = Release|Any CPU
		{9C362488-05DF-4C09-9F07-A23920900078}.Debug|Any CPU.ActiveCfg = Debug|Any CPU
		{9C362488-05DF-4C09-9F07-A23920900078}.Debug|Any CPU.Build.0 = Debug|Any CPU
		{9C362488-05DF-4C09-9F07-A23920900078}.Debug|x64.ActiveCfg = Debug|Any CPU
		{9C362488-05DF-4C09-9F07-A23920900078}.Debug|x64.Build.0 = Debug|Any CPU
		{9C362488-05DF-4C09-9F07-A23920900078}.Debug|x86.ActiveCfg = Debug|Any CPU
		{9C362488-05DF-4C09-9F07-A23920900078}.Debug|x86.Build.0 = Debug|Any CPU
		{9C362488-05DF-4C09-9F07-A23920900078}.Release|Any CPU.ActiveCfg = Release|Any CPU
		{9C362488-05DF-4C09-9F07-A23920900078}.Release|Any CPU.Build.0 = Release|Any CPU
		{9C362488-05DF-4C09-9F07-A23920900078}.Release|x64.ActiveCfg = Release|Any CPU
		{9C362488-05DF-4C09-9F07-A23920900078}.Release|x64.Build.0 = Release|Any CPU
		{9C362488-05DF-4C09-9F07-A23920900078}.Release|x86.ActiveCfg = Release|Any CPU
		{9C362488-05DF-4C09-9F07-A23920900078}.Release|x86.Build.0 = Release|Any CPU
		{0E6B1496-31E2-46EE-B7C3-638DDC7E1A2E}.Debug|Any CPU.ActiveCfg = Debug|Any CPU
		{0E6B1496-31E2-46EE-B7C3-638DDC7E1A2E}.Debug|Any CPU.Build.0 = Debug|Any CPU
		{0E6B1496-31E2-46EE-B7C3-638DDC7E1A2E}.Debug|x64.ActiveCfg = Debug|Any CPU
		{0E6B1496-31E2-46EE-B7C3-638DDC7E1A2E}.Debug|x64.Build.0 = Debug|Any CPU
		{0E6B1496-31E2-46EE-B7C3-638DDC7E1A2E}.Debug|x86.ActiveCfg = Debug|Any CPU
		{0E6B1496-31E2-46EE-B7C3-638DDC7E1A2E}.Debug|x86.Build.0 = Debug|Any CPU
		{0E6B1496-31E2-46EE-B7C3-638DDC7E1A2E}.Release|Any CPU.ActiveCfg = Release|Any CPU
		{0E6B1496-31E2-46EE-B7C3-638DDC7E1A2E}.Release|Any CPU.Build.0 = Release|Any CPU
		{0E6B1496-31E2-46EE-B7C3-638DDC7E1A2E}.Release|x64.ActiveCfg = Release|Any CPU
		{0E6B1496-31E2-46EE-B7C3-638DDC7E1A2E}.Release|x64.Build.0 = Release|Any CPU
		{0E6B1496-31E2-46EE-B7C3-638DDC7E1A2E}.Release|x86.ActiveCfg = Release|Any CPU
		{0E6B1496-31E2-46EE-B7C3-638DDC7E1A2E}.Release|x86.Build.0 = Release|Any CPU
		{DF10B37E-2433-494A-AD0C-0AD44A912B85}.Debug|Any CPU.ActiveCfg = Debug|Any CPU
		{DF10B37E-2433-494A-AD0C-0AD44A912B85}.Debug|Any CPU.Build.0 = Debug|Any CPU
		{DF10B37E-2433-494A-AD0C-0AD44A912B85}.Debug|x64.ActiveCfg = Debug|Any CPU
		{DF10B37E-2433-494A-AD0C-0AD44A912B85}.Debug|x64.Build.0 = Debug|Any CPU
		{DF10B37E-2433-494A-AD0C-0AD44A912B85}.Debug|x86.ActiveCfg = Debug|Any CPU
		{DF10B37E-2433-494A-AD0C-0AD44A912B85}.Debug|x86.Build.0 = Debug|Any CPU
		{DF10B37E-2433-494A-AD0C-0AD44A912B85}.Release|Any CPU.ActiveCfg = Release|Any CPU
		{DF10B37E-2433-494A-AD0C-0AD44A912B85}.Release|Any CPU.Build.0 = Release|Any CPU
		{DF10B37E-2433-494A-AD0C-0AD44A912B85}.Release|x64.ActiveCfg = Release|Any CPU
		{DF10B37E-2433-494A-AD0C-0AD44A912B85}.Release|x64.Build.0 = Release|Any CPU
		{DF10B37E-2433-494A-AD0C-0AD44A912B85}.Release|x86.ActiveCfg = Release|Any CPU
		{DF10B37E-2433-494A-AD0C-0AD44A912B85}.Release|x86.Build.0 = Release|Any CPU
	EndGlobalSection
EndGlobal
